// !$*UTF8*$!
{
	archiveVersion = 1;
	classes = {
	};
	objectVersion = 55;
	objects = {

/* Begin PBXBuildFile section */
		4017FD5127CD310800585B3A /* Tabler in Frameworks */ = {isa = PBXBuildFile; productRef = 4017FD5027CD310800585B3A /* Tabler */; };
		4017FD5327CD311500585B3A /* Tabler in Frameworks */ = {isa = PBXBuildFile; productRef = 4017FD5227CD311500585B3A /* Tabler */; };
		4080E6AF27CA7ACD0046D1FC /* Assets.xcassets in Resources */ = {isa = PBXBuildFile; fileRef = 4080E69D27CA7ACD0046D1FC /* Assets.xcassets */; };
		4080E6B027CA7ACD0046D1FC /* Assets.xcassets in Resources */ = {isa = PBXBuildFile; fileRef = 4080E69D27CA7ACD0046D1FC /* Assets.xcassets */; };
		40A103EE27CA7BA400D83293 /* Fruit.swift in Sources */ = {isa = PBXBuildFile; fileRef = 40A103EB27CA7BA400D83293 /* Fruit.swift */; };
		40A103EF27CA7BA400D83293 /* Fruit.swift in Sources */ = {isa = PBXBuildFile; fileRef = 40A103EB27CA7BA400D83293 /* Fruit.swift */; };
		40A103F627CA7C0800D83293 /* TablerDemoApp.swift in Sources */ = {isa = PBXBuildFile; fileRef = 40A103F427CA7C0800D83293 /* TablerDemoApp.swift */; };
		40A103F727CA7C0800D83293 /* TablerDemoApp.swift in Sources */ = {isa = PBXBuildFile; fileRef = 40A103F427CA7C0800D83293 /* TablerDemoApp.swift */; };
		40A103F827CA7C0800D83293 /* ContentView.swift in Sources */ = {isa = PBXBuildFile; fileRef = 40A103F527CA7C0800D83293 /* ContentView.swift */; };
		40A103F927CA7C0800D83293 /* ContentView.swift in Sources */ = {isa = PBXBuildFile; fileRef = 40A103F527CA7C0800D83293 /* ContentView.swift */; };
		40B5585C27D2C2FF00AC89D2 /* FruitToolbar.swift in Sources */ = {isa = PBXBuildFile; fileRef = 40B5585B27D2C2FF00AC89D2 /* FruitToolbar.swift */; };
		40B5585D27D2C30000AC89D2 /* FruitToolbar.swift in Sources */ = {isa = PBXBuildFile; fileRef = 40B5585B27D2C2FF00AC89D2 /* FruitToolbar.swift */; };
		40F8D4A727D05988009F7331 /* SidewaysScroller.swift in Sources */ = {isa = PBXBuildFile; fileRef = 40F8D4A427D05988009F7331 /* SidewaysScroller.swift */; };
		40F8D4A827D05988009F7331 /* SidewaysScroller.swift in Sources */ = {isa = PBXBuildFile; fileRef = 40F8D4A427D05988009F7331 /* SidewaysScroller.swift */; };
/* End PBXBuildFile section */

/* Begin PBXFileReference section */
		4080E69D27CA7ACD0046D1FC /* Assets.xcassets */ = {isa = PBXFileReference; lastKnownFileType = folder.assetcatalog; path = Assets.xcassets; sourceTree = "<group>"; };
		4080E6A227CA7ACD0046D1FC /* TablerDemo.app */ = {isa = PBXFileReference; explicitFileType = wrapper.application; includeInIndex = 0; path = TablerDemo.app; sourceTree = BUILT_PRODUCTS_DIR; };
		4080E6A827CA7ACD0046D1FC /* TablerDemo.app */ = {isa = PBXFileReference; explicitFileType = wrapper.application; includeInIndex = 0; path = TablerDemo.app; sourceTree = BUILT_PRODUCTS_DIR; };
		4080E6AA27CA7ACD0046D1FC /* macOS.entitlements */ = {isa = PBXFileReference; lastKnownFileType = text.plist.entitlements; path = macOS.entitlements; sourceTree = "<group>"; };
		40A103EB27CA7BA400D83293 /* Fruit.swift */ = {isa = PBXFileReference; fileEncoding = 4; lastKnownFileType = sourcecode.swift; path = Fruit.swift; sourceTree = "<group>"; };
		40A103F427CA7C0800D83293 /* TablerDemoApp.swift */ = {isa = PBXFileReference; fileEncoding = 4; lastKnownFileType = sourcecode.swift; path = TablerDemoApp.swift; sourceTree = "<group>"; };
		40A103F527CA7C0800D83293 /* ContentView.swift */ = {isa = PBXFileReference; fileEncoding = 4; lastKnownFileType = sourcecode.swift; path = ContentView.swift; sourceTree = "<group>"; };
		40A1043227CA801400D83293 /* README.md */ = {isa = PBXFileReference; lastKnownFileType = net.daringfireball.markdown; path = README.md; sourceTree = "<group>"; };
		40B5585B27D2C2FF00AC89D2 /* FruitToolbar.swift */ = {isa = PBXFileReference; lastKnownFileType = sourcecode.swift; path = FruitToolbar.swift; sourceTree = "<group>"; };
		40F8D4A427D05988009F7331 /* SidewaysScroller.swift */ = {isa = PBXFileReference; fileEncoding = 4; lastKnownFileType = sourcecode.swift; path = SidewaysScroller.swift; sourceTree = "<group>"; };
/* End PBXFileReference section */

/* Begin PBXFrameworksBuildPhase section */
		4080E69F27CA7ACD0046D1FC /* Frameworks */ = {
			isa = PBXFrameworksBuildPhase;
			buildActionMask = 2147483647;
			files = (
				4017FD5327CD311500585B3A /* Tabler in Frameworks */,
			);
			runOnlyForDeploymentPostprocessing = 0;
		};
		4080E6A527CA7ACD0046D1FC /* Frameworks */ = {
			isa = PBXFrameworksBuildPhase;
			buildActionMask = 2147483647;
			files = (
				4017FD5127CD310800585B3A /* Tabler in Frameworks */,
			);
			runOnlyForDeploymentPostprocessing = 0;
		};
/* End PBXFrameworksBuildPhase section */

/* Begin PBXGroup section */
		4080E69527CA7ACD0046D1FC = {
			isa = PBXGroup;
			children = (
				40A1043227CA801400D83293 /* README.md */,
				4080E69A27CA7ACD0046D1FC /* Shared */,
				4080E6A927CA7ACD0046D1FC /* macOS */,
				4080E6A327CA7ACD0046D1FC /* Products */,
				40A1040327CA7CA600D83293 /* Frameworks */,
			);
			sourceTree = "<group>";
		};
		4080E69A27CA7ACD0046D1FC /* Shared */ = {
			isa = PBXGroup;
			children = (
				40F8D49C27D05959009F7331 /* Helpers */,
				40A103EB27CA7BA400D83293 /* Fruit.swift */,
				40A103F527CA7C0800D83293 /* ContentView.swift */,
				40A103F427CA7C0800D83293 /* TablerDemoApp.swift */,
				4080E69D27CA7ACD0046D1FC /* Assets.xcassets */,
			);
			path = Shared;
			sourceTree = "<group>";
		};
		4080E6A327CA7ACD0046D1FC /* Products */ = {
			isa = PBXGroup;
			children = (
				4080E6A227CA7ACD0046D1FC /* TablerDemo.app */,
				4080E6A827CA7ACD0046D1FC /* TablerDemo.app */,
			);
			name = Products;
			sourceTree = "<group>";
		};
		4080E6A927CA7ACD0046D1FC /* macOS */ = {
			isa = PBXGroup;
			children = (
				4080E6AA27CA7ACD0046D1FC /* macOS.entitlements */,
			);
			path = macOS;
			sourceTree = "<group>";
		};
		40A1040327CA7CA600D83293 /* Frameworks */ = {
			isa = PBXGroup;
			children = (
			);
			name = Frameworks;
			sourceTree = "<group>";
		};
		40F8D49C27D05959009F7331 /* Helpers */ = {
			isa = PBXGroup;
			children = (
				40F8D4A427D05988009F7331 /* SidewaysScroller.swift */,
				40B5585B27D2C2FF00AC89D2 /* FruitToolbar.swift */,
			);
			path = Helpers;
			sourceTree = "<group>";
		};
/* End PBXGroup section */

/* Begin PBXNativeTarget section */
		4080E6A127CA7ACD0046D1FC /* TablerDemo (iOS) */ = {
			isa = PBXNativeTarget;
			buildConfigurationList = 4080E6B327CA7ACD0046D1FC /* Build configuration list for PBXNativeTarget "TablerDemo (iOS)" */;
			buildPhases = (
				4080E69E27CA7ACD0046D1FC /* Sources */,
				4080E69F27CA7ACD0046D1FC /* Frameworks */,
				4080E6A027CA7ACD0046D1FC /* Resources */,
			);
			buildRules = (
			);
			dependencies = (
			);
			name = "TablerDemo (iOS)";
			packageProductDependencies = (
				4017FD5227CD311500585B3A /* Tabler */,
			);
			productName = "TablerDemo (iOS)";
			productReference = 4080E6A227CA7ACD0046D1FC /* TablerDemo.app */;
			productType = "com.apple.product-type.application";
		};
		4080E6A727CA7ACD0046D1FC /* TablerDemo (macOS) */ = {
			isa = PBXNativeTarget;
			buildConfigurationList = 4080E6B627CA7ACD0046D1FC /* Build configuration list for PBXNativeTarget "TablerDemo (macOS)" */;
			buildPhases = (
				4080E6A427CA7ACD0046D1FC /* Sources */,
				4080E6A527CA7ACD0046D1FC /* Frameworks */,
				4080E6A627CA7ACD0046D1FC /* Resources */,
			);
			buildRules = (
			);
			dependencies = (
			);
			name = "TablerDemo (macOS)";
			packageProductDependencies = (
				4017FD5027CD310800585B3A /* Tabler */,
			);
			productName = "TablerDemo (macOS)";
			productReference = 4080E6A827CA7ACD0046D1FC /* TablerDemo.app */;
			productType = "com.apple.product-type.application";
		};
/* End PBXNativeTarget section */

/* Begin PBXProject section */
		4080E69627CA7ACD0046D1FC /* Project object */ = {
			isa = PBXProject;
			attributes = {
				BuildIndependentTargetsInParallel = 1;
				LastSwiftUpdateCheck = 1320;
				LastUpgradeCheck = 1320;
				TargetAttributes = {
					4080E6A127CA7ACD0046D1FC = {
						CreatedOnToolsVersion = 13.2.1;
					};
					4080E6A727CA7ACD0046D1FC = {
						CreatedOnToolsVersion = 13.2.1;
					};
				};
			};
			buildConfigurationList = 4080E69927CA7ACD0046D1FC /* Build configuration list for PBXProject "TablerDemo" */;
			compatibilityVersion = "Xcode 13.0";
			developmentRegion = en;
			hasScannedForEncodings = 0;
			knownRegions = (
				en,
				Base,
			);
			mainGroup = 4080E69527CA7ACD0046D1FC;
			packageReferences = (
			);
			productRefGroup = 4080E6A327CA7ACD0046D1FC /* Products */;
			projectDirPath = "";
			projectRoot = "";
			targets = (
				4080E6A127CA7ACD0046D1FC /* TablerDemo (iOS) */,
				4080E6A727CA7ACD0046D1FC /* TablerDemo (macOS) */,
			);
		};
/* End PBXProject section */

/* Begin PBXResourcesBuildPhase section */
		4080E6A027CA7ACD0046D1FC /* Resources */ = {
			isa = PBXResourcesBuildPhase;
			buildActionMask = 2147483647;
			files = (
				4080E6AF27CA7ACD0046D1FC /* Assets.xcassets in Resources */,
			);
			runOnlyForDeploymentPostprocessing = 0;
		};
		4080E6A627CA7ACD0046D1FC /* Resources */ = {
			isa = PBXResourcesBuildPhase;
			buildActionMask = 2147483647;
			files = (
				4080E6B027CA7ACD0046D1FC /* Assets.xcassets in Resources */,
			);
			runOnlyForDeploymentPostprocessing = 0;
		};
/* End PBXResourcesBuildPhase section */

/* Begin PBXSourcesBuildPhase section */
		4080E69E27CA7ACD0046D1FC /* Sources */ = {
			isa = PBXSourcesBuildPhase;
			buildActionMask = 2147483647;
			files = (
				40B5585C27D2C2FF00AC89D2 /* FruitToolbar.swift in Sources */,
				40A103EE27CA7BA400D83293 /* Fruit.swift in Sources */,
				40A103F627CA7C0800D83293 /* TablerDemoApp.swift in Sources */,
				40A103F827CA7C0800D83293 /* ContentView.swift in Sources */,
				40F8D4A727D05988009F7331 /* SidewaysScroller.swift in Sources */,
			);
			runOnlyForDeploymentPostprocessing = 0;
		};
		4080E6A427CA7ACD0046D1FC /* Sources */ = {
			isa = PBXSourcesBuildPhase;
			buildActionMask = 2147483647;
			files = (
				40B5585D27D2C30000AC89D2 /* FruitToolbar.swift in Sources */,
				40A103EF27CA7BA400D83293 /* Fruit.swift in Sources */,
				40A103F727CA7C0800D83293 /* TablerDemoApp.swift in Sources */,
				40A103F927CA7C0800D83293 /* ContentView.swift in Sources */,
				40F8D4A827D05988009F7331 /* SidewaysScroller.swift in Sources */,
			);
			runOnlyForDeploymentPostprocessing = 0;
		};
/* End PBXSourcesBuildPhase section */

/* Begin XCBuildConfiguration section */
		4080E6B127CA7ACD0046D1FC /* Debug */ = {
			isa = XCBuildConfiguration;
			buildSettings = {
				ALWAYS_SEARCH_USER_PATHS = NO;
				CLANG_ANALYZER_NONNULL = YES;
				CLANG_ANALYZER_NUMBER_OBJECT_CONVERSION = YES_AGGRESSIVE;
				CLANG_CXX_LANGUAGE_STANDARD = "gnu++17";
				CLANG_CXX_LIBRARY = "libc++";
				CLANG_ENABLE_MODULES = YES;
				CLANG_ENABLE_OBJC_ARC = YES;
				CLANG_ENABLE_OBJC_WEAK = YES;
				CLANG_WARN_BLOCK_CAPTURE_AUTORELEASING = YES;
				CLANG_WARN_BOOL_CONVERSION = YES;
				CLANG_WARN_COMMA = YES;
				CLANG_WARN_CONSTANT_CONVERSION = YES;
				CLANG_WARN_DEPRECATED_OBJC_IMPLEMENTATIONS = YES;
				CLANG_WARN_DIRECT_OBJC_ISA_USAGE = YES_ERROR;
				CLANG_WARN_DOCUMENTATION_COMMENTS = YES;
				CLANG_WARN_EMPTY_BODY = YES;
				CLANG_WARN_ENUM_CONVERSION = YES;
				CLANG_WARN_INFINITE_RECURSION = YES;
				CLANG_WARN_INT_CONVERSION = YES;
				CLANG_WARN_NON_LITERAL_NULL_CONVERSION = YES;
				CLANG_WARN_OBJC_IMPLICIT_RETAIN_SELF = YES;
				CLANG_WARN_OBJC_LITERAL_CONVERSION = YES;
				CLANG_WARN_OBJC_ROOT_CLASS = YES_ERROR;
				CLANG_WARN_QUOTED_INCLUDE_IN_FRAMEWORK_HEADER = YES;
				CLANG_WARN_RANGE_LOOP_ANALYSIS = YES;
				CLANG_WARN_STRICT_PROTOTYPES = YES;
				CLANG_WARN_SUSPICIOUS_MOVE = YES;
				CLANG_WARN_UNGUARDED_AVAILABILITY = YES_AGGRESSIVE;
				CLANG_WARN_UNREACHABLE_CODE = YES;
				CLANG_WARN__DUPLICATE_METHOD_MATCH = YES;
				COPY_PHASE_STRIP = NO;
				DEBUG_INFORMATION_FORMAT = dwarf;
				ENABLE_STRICT_OBJC_MSGSEND = YES;
				ENABLE_TESTABILITY = YES;
				GCC_C_LANGUAGE_STANDARD = gnu11;
				GCC_DYNAMIC_NO_PIC = NO;
				GCC_NO_COMMON_BLOCKS = YES;
				GCC_OPTIMIZATION_LEVEL = 0;
				GCC_PREPROCESSOR_DEFINITIONS = (
					"DEBUG=1",
					"$(inherited)",
				);
				GCC_WARN_64_TO_32_BIT_CONVERSION = YES;
				GCC_WARN_ABOUT_RETURN_TYPE = YES_ERROR;
				GCC_WARN_UNDECLARED_SELECTOR = YES;
				GCC_WARN_UNINITIALIZED_AUTOS = YES_AGGRESSIVE;
				GCC_WARN_UNUSED_FUNCTION = YES;
				GCC_WARN_UNUSED_VARIABLE = YES;
				MTL_ENABLE_DEBUG_INFO = INCLUDE_SOURCE;
				MTL_FAST_MATH = YES;
				ONLY_ACTIVE_ARCH = YES;
				SWIFT_ACTIVE_COMPILATION_CONDITIONS = DEBUG;
				SWIFT_OPTIMIZATION_LEVEL = "-Onone";
			};
			name = Debug;
		};
		4080E6B227CA7ACD0046D1FC /* Release */ = {
			isa = XCBuildConfiguration;
			buildSettings = {
				ALWAYS_SEARCH_USER_PATHS = NO;
				CLANG_ANALYZER_NONNULL = YES;
				CLANG_ANALYZER_NUMBER_OBJECT_CONVERSION = YES_AGGRESSIVE;
				CLANG_CXX_LANGUAGE_STANDARD = "gnu++17";
				CLANG_CXX_LIBRARY = "libc++";
				CLANG_ENABLE_MODULES = YES;
				CLANG_ENABLE_OBJC_ARC = YES;
				CLANG_ENABLE_OBJC_WEAK = YES;
				CLANG_WARN_BLOCK_CAPTURE_AUTORELEASING = YES;
				CLANG_WARN_BOOL_CONVERSION = YES;
				CLANG_WARN_COMMA = YES;
				CLANG_WARN_CONSTANT_CONVERSION = YES;
				CLANG_WARN_DEPRECATED_OBJC_IMPLEMENTATIONS = YES;
				CLANG_WARN_DIRECT_OBJC_ISA_USAGE = YES_ERROR;
				CLANG_WARN_DOCUMENTATION_COMMENTS = YES;
				CLANG_WARN_EMPTY_BODY = YES;
				CLANG_WARN_ENUM_CONVERSION = YES;
				CLANG_WARN_INFINITE_RECURSION = YES;
				CLANG_WARN_INT_CONVERSION = YES;
				CLANG_WARN_NON_LITERAL_NULL_CONVERSION = YES;
				CLANG_WARN_OBJC_IMPLICIT_RETAIN_SELF = YES;
				CLANG_WARN_OBJC_LITERAL_CONVERSION = YES;
				CLANG_WARN_OBJC_ROOT_CLASS = YES_ERROR;
				CLANG_WARN_QUOTED_INCLUDE_IN_FRAMEWORK_HEADER = YES;
				CLANG_WARN_RANGE_LOOP_ANALYSIS = YES;
				CLANG_WARN_STRICT_PROTOTYPES = YES;
				CLANG_WARN_SUSPICIOUS_MOVE = YES;
				CLANG_WARN_UNGUARDED_AVAILABILITY = YES_AGGRESSIVE;
				CLANG_WARN_UNREACHABLE_CODE = YES;
				CLANG_WARN__DUPLICATE_METHOD_MATCH = YES;
				COPY_PHASE_STRIP = NO;
				DEBUG_INFORMATION_FORMAT = "dwarf-with-dsym";
				ENABLE_NS_ASSERTIONS = NO;
				ENABLE_STRICT_OBJC_MSGSEND = YES;
				GCC_C_LANGUAGE_STANDARD = gnu11;
				GCC_NO_COMMON_BLOCKS = YES;
				GCC_WARN_64_TO_32_BIT_CONVERSION = YES;
				GCC_WARN_ABOUT_RETURN_TYPE = YES_ERROR;
				GCC_WARN_UNDECLARED_SELECTOR = YES;
				GCC_WARN_UNINITIALIZED_AUTOS = YES_AGGRESSIVE;
				GCC_WARN_UNUSED_FUNCTION = YES;
				GCC_WARN_UNUSED_VARIABLE = YES;
				MTL_ENABLE_DEBUG_INFO = NO;
				MTL_FAST_MATH = YES;
				SWIFT_COMPILATION_MODE = wholemodule;
				SWIFT_OPTIMIZATION_LEVEL = "-O";
			};
			name = Release;
		};
		4080E6B427CA7ACD0046D1FC /* Debug */ = {
			isa = XCBuildConfiguration;
			buildSettings = {
				ASSETCATALOG_COMPILER_APPICON_NAME = AppIcon;
				ASSETCATALOG_COMPILER_GLOBAL_ACCENT_COLOR_NAME = AccentColor;
				CODE_SIGN_STYLE = Automatic;
				CURRENT_PROJECT_VERSION = 1;
				DEVELOPMENT_TEAM = JJQ5CGDL8J;
				ENABLE_PREVIEWS = YES;
				GENERATE_INFOPLIST_FILE = YES;
				INFOPLIST_KEY_UIApplicationSceneManifest_Generation = YES;
				INFOPLIST_KEY_UIApplicationSupportsIndirectInputEvents = YES;
				INFOPLIST_KEY_UILaunchScreen_Generation = YES;
				INFOPLIST_KEY_UISupportedInterfaceOrientations_iPad = "UIInterfaceOrientationPortrait UIInterfaceOrientationPortraitUpsideDown UIInterfaceOrientationLandscapeLeft UIInterfaceOrientationLandscapeRight";
				INFOPLIST_KEY_UISupportedInterfaceOrientations_iPhone = "UIInterfaceOrientationPortrait UIInterfaceOrientationLandscapeLeft UIInterfaceOrientationLandscapeRight";
				IPHONEOS_DEPLOYMENT_TARGET = 15.2;
				LD_RUNPATH_SEARCH_PATHS = (
					"$(inherited)",
					"@executable_path/Frameworks",
				);
				MARKETING_VERSION = 1.0;
				PRODUCT_BUNDLE_IDENTIFIER = app.flowallocator.TablerDemo;
				PRODUCT_NAME = TablerDemo;
				SDKROOT = iphoneos;
				SWIFT_EMIT_LOC_STRINGS = YES;
				SWIFT_VERSION = 5.0;
				TARGETED_DEVICE_FAMILY = "1,2";
			};
			name = Debug;
		};
		4080E6B527CA7ACD0046D1FC /* Release */ = {
			isa = XCBuildConfiguration;
			buildSettings = {
				ASSETCATALOG_COMPILER_APPICON_NAME = AppIcon;
				ASSETCATALOG_COMPILER_GLOBAL_ACCENT_COLOR_NAME = AccentColor;
				CODE_SIGN_STYLE = Automatic;
				CURRENT_PROJECT_VERSION = 1;
				DEVELOPMENT_TEAM = JJQ5CGDL8J;
				ENABLE_PREVIEWS = YES;
				GENERATE_INFOPLIST_FILE = YES;
				INFOPLIST_KEY_UIApplicationSceneManifest_Generation = YES;
				INFOPLIST_KEY_UIApplicationSupportsIndirectInputEvents = YES;
				INFOPLIST_KEY_UILaunchScreen_Generation = YES;
				INFOPLIST_KEY_UISupportedInterfaceOrientations_iPad = "UIInterfaceOrientationPortrait UIInterfaceOrientationPortraitUpsideDown UIInterfaceOrientationLandscapeLeft UIInterfaceOrientationLandscapeRight";
				INFOPLIST_KEY_UISupportedInterfaceOrientations_iPhone = "UIInterfaceOrientationPortrait UIInterfaceOrientationLandscapeLeft UIInterfaceOrientationLandscapeRight";
				IPHONEOS_DEPLOYMENT_TARGET = 15.2;
				LD_RUNPATH_SEARCH_PATHS = (
					"$(inherited)",
					"@executable_path/Frameworks",
				);
				MARKETING_VERSION = 1.0;
				PRODUCT_BUNDLE_IDENTIFIER = app.flowallocator.TablerDemo;
				PRODUCT_NAME = TablerDemo;
				SDKROOT = iphoneos;
				SWIFT_EMIT_LOC_STRINGS = YES;
				SWIFT_VERSION = 5.0;
				TARGETED_DEVICE_FAMILY = "1,2";
				VALIDATE_PRODUCT = YES;
			};
			name = Release;
		};
		4080E6B727CA7ACD0046D1FC /* Debug */ = {
			isa = XCBuildConfiguration;
			buildSettings = {
				ASSETCATALOG_COMPILER_APPICON_NAME = AppIcon;
				ASSETCATALOG_COMPILER_GLOBAL_ACCENT_COLOR_NAME = AccentColor;
				CODE_SIGN_ENTITLEMENTS = macOS/macOS.entitlements;
				CODE_SIGN_STYLE = Automatic;
				COMBINE_HIDPI_IMAGES = YES;
				CURRENT_PROJECT_VERSION = 1;
				DEVELOPMENT_TEAM = JJQ5CGDL8J;
				ENABLE_HARDENED_RUNTIME = YES;
				ENABLE_PREVIEWS = YES;
				GENERATE_INFOPLIST_FILE = YES;
				INFOPLIST_KEY_NSHumanReadableCopyright = "";
				LD_RUNPATH_SEARCH_PATHS = (
					"$(inherited)",
					"@executable_path/../Frameworks",
				);
				MACOSX_DEPLOYMENT_TARGET = 12.1;
				MARKETING_VERSION = 1.0;
				PRODUCT_BUNDLE_IDENTIFIER = app.flowallocator.TablerDemo;
				PRODUCT_NAME = TablerDemo;
				SDKROOT = macosx;
				SWIFT_EMIT_LOC_STRINGS = YES;
				SWIFT_VERSION = 5.0;
			};
			name = Debug;
		};
		4080E6B827CA7ACD0046D1FC /* Release */ = {
			isa = XCBuildConfiguration;
			buildSettings = {
				ASSETCATALOG_COMPILER_APPICON_NAME = AppIcon;
				ASSETCATALOG_COMPILER_GLOBAL_ACCENT_COLOR_NAME = AccentColor;
				CODE_SIGN_ENTITLEMENTS = macOS/macOS.entitlements;
				CODE_SIGN_STYLE = Automatic;
				COMBINE_HIDPI_IMAGES = YES;
				CURRENT_PROJECT_VERSION = 1;
				DEVELOPMENT_TEAM = JJQ5CGDL8J;
				ENABLE_HARDENED_RUNTIME = YES;
				ENABLE_PREVIEWS = YES;
				GENERATE_INFOPLIST_FILE = YES;
				INFOPLIST_KEY_NSHumanReadableCopyright = "";
				LD_RUNPATH_SEARCH_PATHS = (
					"$(inherited)",
					"@executable_path/../Frameworks",
				);
				MACOSX_DEPLOYMENT_TARGET = 12.1;
				MARKETING_VERSION = 1.0;
				PRODUCT_BUNDLE_IDENTIFIER = app.flowallocator.TablerDemo;
				PRODUCT_NAME = TablerDemo;
				SDKROOT = macosx;
				SWIFT_EMIT_LOC_STRINGS = YES;
				SWIFT_VERSION = 5.0;
			};
			name = Release;
		};
/* End XCBuildConfiguration section */

/* Begin XCConfigurationList section */
		4080E69927CA7ACD0046D1FC /* Build configuration list for PBXProject "TablerDemo" */ = {
			isa = XCConfigurationList;
			buildConfigurations = (
				4080E6B127CA7ACD0046D1FC /* Debug */,
				4080E6B227CA7ACD0046D1FC /* Release */,
			);
			defaultConfigurationIsVisible = 0;
			defaultConfigurationName = Release;
		};
		4080E6B327CA7ACD0046D1FC /* Build configuration list for PBXNativeTarget "TablerDemo (iOS)" */ = {
			isa = XCConfigurationList;
			buildConfigurations = (
				4080E6B427CA7ACD0046D1FC /* Debug */,
				4080E6B527CA7ACD0046D1FC /* Release */,
			);
			defaultConfigurationIsVisible = 0;
			defaultConfigurationName = Release;
		};
		4080E6B627CA7ACD0046D1FC /* Build configuration list for PBXNativeTarget "TablerDemo (macOS)" */ = {
			isa = XCConfigurationList;
			buildConfigurations = (
				4080E6B727CA7ACD0046D1FC /* Debug */,
				4080E6B827CA7ACD0046D1FC /* Release */,
			);
			defaultConfigurationIsVisible = 0;
			defaultConfigurationName = Release;
		};
/* End XCConfigurationList section */

/* Begin XCSwiftPackageProductDependency section */
		4017FD5027CD310800585B3A /* Tabler */ = {
			isa = XCSwiftPackageProductDependency;
			productName = Tabler;
		};
		4017FD5227CD311500585B3A /* Tabler */ = {
			isa = XCSwiftPackageProductDependency;
			productName = Tabler;
		};
/* End XCSwiftPackageProductDependency section */
	};
	rootObject = 4080E69627CA7ACD0046D1FC /* Project object */;
}
